
Microsoft Visual Studio Solution File, Format Version 12.00
# Visual Studio Version 17
VisualStudioVersion = 17.5.33627.172
MinimumVisualStudioVersion = 10.0.40219.1
Project("{FAE04EC0-301F-11D3-BF4B-00C04F79EFBC}") = "WebApplication4", "WebApplication4\WebApplication4.csproj", "{EADFE222-F8BF-4E4C-BC96-586BF01B4762}"
EndProject
Global
	GlobalSection(SolutionConfigurationPlatforms) = preSolution
		Debug|Any CPU = Debug|Any CPU
		Release|Any CPU = Release|Any CPU
	EndGlobalSection
	GlobalSection(ProjectConfigurationPlatforms) = postSolution
		{EADFE222-F8BF-4E4C-BC96-586BF01B4762}.Debug|Any CPU.ActiveCfg = Debug|Any CPU
		{EADFE222-F8BF-4E4C-BC96-586BF01B4762}.Debug|Any CPU.Build.0 = Debug|Any CPU
		{EADFE222-F8BF-4E4C-BC96-586BF01B4762}.Release|Any CPU.ActiveCfg = Release|Any CPU
		{EADFE222-F8BF-4E4C-BC96-586BF01B4762}.Release|Any CPU.Build.0 = Release|Any CPU
	EndGlobalSection
	GlobalSection(SolutionProperties) = preSolution
		HideSolutionNode = FALSE
	EndGlobalSection
	GlobalSection(ExtensibilityGlobals) = postSolution
		SolutionGuid = {67250C24-9042-4D52-8774-959EF9C418BE}
	EndGlobalSection
EndGlobal
